dependencies:
- name: kube-prometheus-stack
  repository: https://prometheus-community.github.io/helm-charts
  version: 39.13.0
- name: loki
  repository: https://grafana.github.io/helm-charts
  version: 2.16.0
- name: promtail
  repository: https://grafana.github.io/helm-charts
  version: 3.11.0
- name: opentelemetry-operator
  repository: https://open-telemetry.github.io/opentelemetry-helm-charts
  version: 0.34.1
- name: vpa
  repository: https://charts.fairwinds.com/stable
  version: 0.5.0
digest: sha256:0200585e64448dbe65c46a448d282008190543a8402e68a5a3d1b5e7be8cb3ce
generated: "2023-08-02T18:58:39.786492174Z"
